
Microsoft Visual Studio Solution File, Format Version 12.00
# Visual Studio Version 16
VisualStudioVersion = 16.0.30114.105
MinimumVisualStudioVersion = 10.0.40219.1
Project("{FAE04EC0-301F-11D3-BF4B-00C04F79EFBC}") = "Identity", "Identity\Identity.csproj", "{DAC1A55C-59BC-4DFB-8861-1FD2AB9179E8}"
EndProject
Global
	GlobalSection(SolutionConfigurationPlatforms) = preSolution
		Debug|Any CPU = Debug|Any CPU
		Release|Any CPU = Release|Any CPU
	EndGlobalSection
	GlobalSection(SolutionProperties) = preSolution
		HideSolutionNode = FALSE
	EndGlobalSection
	GlobalSection(ProjectConfigurationPlatforms) = postSolution
		{DAC1A55C-59BC-4DFB-8861-1FD2AB9179E8}.Debug|Any CPU.ActiveCfg = Debug|Any CPU
		{DAC1A55C-59BC-4DFB-8861-1FD2AB9179E8}.Debug|Any CPU.Build.0 = Debug|Any CPU
		{DAC1A55C-59BC-4DFB-8861-1FD2AB9179E8}.Release|Any CPU.ActiveCfg = Release|Any CPU
		{DAC1A55C-59BC-4DFB-8861-1FD2AB9179E8}.Release|Any CPU.Build.0 = Release|Any CPU
	EndGlobalSection
EndGlobal
